
Microsoft Visual Studio Solution File, Format Version 12.00
# Visual Studio 15
VisualStudioVersion = 15.0.26430.6
MinimumVisualStudioVersion = 10.0.40219.1
Project("{FAE04EC0-301F-11D3-BF4B-00C04F79EFBC}") = "Example1-Console", "Example1-Console\Example1-Console.csproj", "{955159CE-56C4-415E-A0DC-2EAA4B9EB1D3}"
EndProject
Project("{FAE04EC0-301F-11D3-BF4B-00C04F79EFBC}") = "Example3-Console", "Example3-Console\Example3-Console.csproj", "{C115AA68-72F3-41F8-BB94-0939A82223C2}"
EndProject
Project("{FAE04EC0-301F-11D3-BF4B-00C04F79EFBC}") = "Example2-WinForm", "Example2-WinForm\Example2-WinForm.csproj", "{0974CECB-1C7B-4DDB-A312-6D954A959F0C}"
EndProject
Global
	GlobalSection(SolutionConfigurationPlatforms) = preSolution
		Debug|Any CPU = Debug|Any CPU
		Release|Any CPU = Release|Any CPU
	EndGlobalSection
	GlobalSection(ProjectConfigurationPlatforms) = postSolution
		{955159CE-56C4-415E-A0DC-2EAA4B9EB1D3}.Debug|Any CPU.ActiveCfg = Debug|Any CPU
		{955159CE-56C4-415E-A0DC-2EAA4B9EB1D3}.Debug|Any CPU.Build.0 = Debug|Any CPU
		{955159CE-56C4-415E-A0DC-2EAA4B9EB1D3}.Release|Any CPU.ActiveCfg = Release|Any CPU
		{955159CE-56C4-415E-A0DC-2EAA4B9EB1D3}.Release|Any CPU.Build.0 = Release|Any CPU
		{C115AA68-72F3-41F8-BB94-0939A82223C2}.Debug|Any CPU.ActiveCfg = Debug|Any CPU
		{C115AA68-72F3-41F8-BB94-0939A82223C2}.Debug|Any CPU.Build.0 = Debug|Any CPU
		{C115AA68-72F3-41F8-BB94-0939A82223C2}.Release|Any CPU.ActiveCfg = Release|Any CPU
		{C115AA68-72F3-41F8-BB94-0939A82223C2}.Release|Any CPU.Build.0 = Release|Any CPU
		{0974CECB-1C7B-4DDB-A312-6D954A959F0C}.Debug|Any CPU.ActiveCfg = Debug|Any CPU
		{0974CECB-1C7B-4DDB-A312-6D954A959F0C}.Debug|Any CPU.Build.0 = Debug|Any CPU
		{0974CECB-1C7B-4DDB-A312-6D954A959F0C}.Release|Any CPU.ActiveCfg = Release|Any CPU
		{0974CECB-1C7B-4DDB-A312-6D954A959F0C}.Release|Any CPU.Build.0 = Release|Any CPU
	EndGlobalSection
	GlobalSection(SolutionProperties) = preSolution
		HideSolutionNode = FALSE
	EndGlobalSection
EndGlobal
